
Microsoft Visual Studio Solution File, Format Version 12.00
# Visual Studio Version 16
VisualStudioVersion = 16.0.810.5
MinimumVisualStudioVersion = 10.0.40219.1
Project("{FAE04EC0-301F-11D3-BF4B-00C04F79EFBC}") = "algo", "algo\algo.csproj", "{8658761D-C61A-4918-9C49-6DF30B827B7D}"
EndProject
Global
	GlobalSection(SolutionConfigurationPlatforms) = preSolution
		Debug|anycpu = Debug|anycpu
		Release|anycpu = Release|anycpu
	EndGlobalSection
	GlobalSection(ProjectConfigurationPlatforms) = postSolution
		{8658761D-C61A-4918-9C49-6DF30B827B7D}.Debug|anycpu.ActiveCfg = Debug|anycpu
		{8658761D-C61A-4918-9C49-6DF30B827B7D}.Debug|anycpu.Build.0 = Debug|anycpu
		{8658761D-C61A-4918-9C49-6DF30B827B7D}.Release|anycpu.ActiveCfg = Release|anycpu
		{8658761D-C61A-4918-9C49-6DF30B827B7D}.Release|anycpu.Build.0 = Release|anycpu
	EndGlobalSection
	GlobalSection(SolutionProperties) = preSolution
		HideSolutionNode = FALSE
	EndGlobalSection
	GlobalSection(ExtensibilityGlobals) = postSolution
		SolutionGuid = {41CE900B-76CC-47DA-A4B9-DF8465781211}
	EndGlobalSection
EndGlobal
